
Microsoft Visual Studio Solution File, Format Version 12.00
# Visual Studio Version 16
VisualStudioVersion = 16.0.29728.190
MinimumVisualStudioVersion = 10.0.40219.1
Project("{FAE04EC0-301F-11D3-BF4B-00C04F79EFBC}") = "LoreHub.DialogSystem.Core", "LoreHub.DialogSystem.Core\LoreHub.DialogSystem.Core.csproj", "{DBFF977D-AED8-4D6E-A5E2-D3B4784FA068}"
EndProject
Project("{FAE04EC0-301F-11D3-BF4B-00C04F79EFBC}") = "LoreHub.DialogSystem.Tests", "LoreHub.DialogSystem.Tests\LoreHub.DialogSystem.Tests.csproj", "{7BE5F2B7-5A8C-4A6D-A450-66EAD927E905}"
EndProject
Global
	GlobalSection(SolutionConfigurationPlatforms) = preSolution
		Debug|Any CPU = Debug|Any CPU
		Release|Any CPU = Release|Any CPU
	EndGlobalSection
	GlobalSection(ProjectConfigurationPlatforms) = postSolution
		{DBFF977D-AED8-4D6E-A5E2-D3B4784FA068}.Debug|Any CPU.ActiveCfg = Debug|Any CPU
		{DBFF977D-AED8-4D6E-A5E2-D3B4784FA068}.Debug|Any CPU.Build.0 = Debug|Any CPU
		{DBFF977D-AED8-4D6E-A5E2-D3B4784FA068}.Release|Any CPU.ActiveCfg = Release|Any CPU
		{DBFF977D-AED8-4D6E-A5E2-D3B4784FA068}.Release|Any CPU.Build.0 = Release|Any CPU
		{7BE5F2B7-5A8C-4A6D-A450-66EAD927E905}.Debug|Any CPU.ActiveCfg = Debug|Any CPU
		{7BE5F2B7-5A8C-4A6D-A450-66EAD927E905}.Debug|Any CPU.Build.0 = Debug|Any CPU
		{7BE5F2B7-5A8C-4A6D-A450-66EAD927E905}.Release|Any CPU.ActiveCfg = Release|Any CPU
		{7BE5F2B7-5A8C-4A6D-A450-66EAD927E905}.Release|Any CPU.Build.0 = Release|Any CPU
	EndGlobalSection
	GlobalSection(SolutionProperties) = preSolution
		HideSolutionNode = FALSE
	EndGlobalSection
	GlobalSection(ExtensibilityGlobals) = postSolution
		SolutionGuid = {98C249D9-D60D-42DB-B497-84B756D31305}
	EndGlobalSection
EndGlobal
